
Microsoft Visual Studio Solution File, Format Version 12.00
# Visual Studio 15
VisualStudioVersion = 15.0.28307.421
MinimumVisualStudioVersion = 10.0.40219.1
Project("{9A19103F-16F7-4668-BE54-9A1E7A4F7556}") = "EsercizioBase64", "EsercizioBase64\EsercizioBase64.csproj", "{0514E578-529C-45E1-8645-1B7DA2B723DA}"
EndProject
Project("{9A19103F-16F7-4668-BE54-9A1E7A4F7556}") = "EsercizioBase64Test", "EsercizioBase64Test\EsercizioBase64Test.csproj", "{5FBBC887-F15A-4F3D-A252-BAE81DCC0D19}"
EndProject
Global
	GlobalSection(SolutionConfigurationPlatforms) = preSolution
		Debug|Any CPU = Debug|Any CPU
		Release|Any CPU = Release|Any CPU
	EndGlobalSection
	GlobalSection(ProjectConfigurationPlatforms) = postSolution
		{0514E578-529C-45E1-8645-1B7DA2B723DA}.Debug|Any CPU.ActiveCfg = Debug|Any CPU
		{0514E578-529C-45E1-8645-1B7DA2B723DA}.Debug|Any CPU.Build.0 = Debug|Any CPU
		{0514E578-529C-45E1-8645-1B7DA2B723DA}.Release|Any CPU.ActiveCfg = Release|Any CPU
		{0514E578-529C-45E1-8645-1B7DA2B723DA}.Release|Any CPU.Build.0 = Release|Any CPU
		{5FBBC887-F15A-4F3D-A252-BAE81DCC0D19}.Debug|Any CPU.ActiveCfg = Debug|Any CPU
		{5FBBC887-F15A-4F3D-A252-BAE81DCC0D19}.Debug|Any CPU.Build.0 = Debug|Any CPU
		{5FBBC887-F15A-4F3D-A252-BAE81DCC0D19}.Release|Any CPU.ActiveCfg = Release|Any CPU
		{5FBBC887-F15A-4F3D-A252-BAE81DCC0D19}.Release|Any CPU.Build.0 = Release|Any CPU
	EndGlobalSection
	GlobalSection(SolutionProperties) = preSolution
		HideSolutionNode = FALSE
	EndGlobalSection
	GlobalSection(ExtensibilityGlobals) = postSolution
		SolutionGuid = {11DFB032-59E0-4C72-B360-A41642620F2D}
	EndGlobalSection
EndGlobal
